Microsoft Visual Studio Solution File, Format Version 12.00
# Visual Studio Version 17
VisualStudioVersion = 17.5.2.0
MinimumVisualStudioVersion = 10.0.40219.1
Project("{FAE04EC0-301F-11D3-BF4B-00C04F79EFBC}") = "cscore", "core\cscore.csproj", "{DFFEE7F9-187B-E859-1237-7161241D8845}"
EndProject
Project("{FAE04EC0-301F-11D3-BF4B-00C04F79EFBC}") = "cscore.linux", "linux\cscore.linux.csproj", "{958D48DE-69C7-478F-1402-857F238B16BC}"
EndProject
Global
	GlobalSection(SolutionConfigurationPlatforms) = preSolution
		Debug|Any CPU = Debug|Any CPU
		Release|Any CPU = Release|Any CPU
	EndGlobalSection
	GlobalSection(ProjectConfigurationPlatforms) = postSolution
		{DFFEE7F9-187B-E859-1237-7161241D8845}.Debug|Any CPU.ActiveCfg = Debug|Any CPU
		{DFFEE7F9-187B-E859-1237-7161241D8845}.Debug|Any CPU.Build.0 = Debug|Any CPU
		{DFFEE7F9-187B-E859-1237-7161241D8845}.Release|Any CPU.ActiveCfg = Release|Any CPU
		{DFFEE7F9-187B-E859-1237-7161241D8845}.Release|Any CPU.Build.0 = Release|Any CPU
		{958D48DE-69C7-478F-1402-857F238B16BC}.Debug|Any CPU.ActiveCfg = Debug|Any CPU
		{958D48DE-69C7-478F-1402-857F238B16BC}.Debug|Any CPU.Build.0 = Debug|Any CPU
		{958D48DE-69C7-478F-1402-857F238B16BC}.Release|Any CPU.ActiveCfg = Release|Any CPU
		{958D48DE-69C7-478F-1402-857F238B16BC}.Release|Any CPU.Build.0 = Release|Any CPU
	EndGlobalSection
	GlobalSection(SolutionProperties) = preSolution
		HideSolutionNode = FALSE
	EndGlobalSection
	GlobalSection(ExtensibilityGlobals) = postSolution
		SolutionGuid = {D3E85ED1-255F-4658-AA66-410A64DD017B}
	EndGlobalSection
EndGlobal
